
Microsoft Visual Studio Solution File, Format Version 12.00
# Visual Studio Version 16
VisualStudioVersion = 16.6.30114.105
MinimumVisualStudioVersion = 10.0.40219.1
Project("{FAE04EC0-301F-11D3-BF4B-00C04F79EFBC}") = "API", "API\API.csproj", "{F90AD798-458B-4A90-B78D-FBCAEA2345DC}"
EndProject
Project("{FAE04EC0-301F-11D3-BF4B-00C04F79EFBC}") = "Core", "Core\Core.csproj", "{D6875062-6CBB-481A-A746-CD81A558D7B1}"
EndProject
Project("{FAE04EC0-301F-11D3-BF4B-00C04F79EFBC}") = "Infrastructure", "Infrastructure\Infrastructure.csproj", "{5F1E0694-871C-4673-803D-A57136F513CD}"
EndProject
Global
	GlobalSection(SolutionConfigurationPlatforms) = preSolution
		Debug|Any CPU = Debug|Any CPU
		Debug|x64 = Debug|x64
		Debug|x86 = Debug|x86
		Release|Any CPU = Release|Any CPU
		Release|x64 = Release|x64
		Release|x86 = Release|x86
	EndGlobalSection
	GlobalSection(SolutionProperties) = preSolution
		HideSolutionNode = FALSE
	EndGlobalSection
	GlobalSection(ProjectConfigurationPlatforms) = postSolution
		{F90AD798-458B-4A90-B78D-FBCAEA2345DC}.Debug|Any CPU.ActiveCfg = Debug|Any CPU
		{F90AD798-458B-4A90-B78D-FBCAEA2345DC}.Debug|Any CPU.Build.0 = Debug|Any CPU
		{F90AD798-458B-4A90-B78D-FBCAEA2345DC}.Debug|x64.ActiveCfg = Debug|Any CPU
		{F90AD798-458B-4A90-B78D-FBCAEA2345DC}.Debug|x64.Build.0 = Debug|Any CPU
		{F90AD798-458B-4A90-B78D-FBCAEA2345DC}.Debug|x86.ActiveCfg = Debug|Any CPU
		{F90AD798-458B-4A90-B78D-FBCAEA2345DC}.Debug|x86.Build.0 = Debug|Any CPU
		{F90AD798-458B-4A90-B78D-FBCAEA2345DC}.Release|Any CPU.ActiveCfg = Release|Any CPU
		{F90AD798-458B-4A90-B78D-FBCAEA2345DC}.Release|Any CPU.Build.0 = Release|Any CPU
		{F90AD798-458B-4A90-B78D-FBCAEA2345DC}.Release|x64.ActiveCfg = Release|Any CPU
		{F90AD798-458B-4A90-B78D-FBCAEA2345DC}.Release|x64.Build.0 = Release|Any CPU
		{F90AD798-458B-4A90-B78D-FBCAEA2345DC}.Release|x86.ActiveCfg = Release|Any CPU
		{F90AD798-458B-4A90-B78D-FBCAEA2345DC}.Release|x86.Build.0 = Release|Any CPU
		{D6875062-6CBB-481A-A746-CD81A558D7B1}.Debug|Any CPU.ActiveCfg = Debug|Any CPU
		{D6875062-6CBB-481A-A746-CD81A558D7B1}.Debug|Any CPU.Build.0 = Debug|Any CPU
		{D6875062-6CBB-481A-A746-CD81A558D7B1}.Debug|x64.ActiveCfg = Debug|Any CPU
		{D6875062-6CBB-481A-A746-CD81A558D7B1}.Debug|x64.Build.0 = Debug|Any CPU
		{D6875062-6CBB-481A-A746-CD81A558D7B1}.Debug|x86.ActiveCfg = Debug|Any CPU
		{D6875062-6CBB-481A-A746-CD81A558D7B1}.Debug|x86.Build.0 = Debug|Any CPU
		{D6875062-6CBB-481A-A746-CD81A558D7B1}.Release|Any CPU.ActiveCfg = Release|Any CPU
		{D6875062-6CBB-481A-A746-CD81A558D7B1}.Release|Any CPU.Build.0 = Release|Any CPU
		{D6875062-6CBB-481A-A746-CD81A558D7B1}.Release|x64.ActiveCfg = Release|Any CPU
		{D6875062-6CBB-481A-A746-CD81A558D7B1}.Release|x64.Build.0 = Release|Any CPU
		{D6875062-6CBB-481A-A746-CD81A558D7B1}.Release|x86.ActiveCfg = Release|Any CPU
		{D6875062-6CBB-481A-A746-CD81A558D7B1}.Release|x86.Build.0 = Release|Any CPU
		{5F1E0694-871C-4673-803D-A57136F513CD}.Debug|Any CPU.ActiveCfg = Debug|Any CPU
		{5F1E0694-871C-4673-803D-A57136F513CD}.Debug|Any CPU.Build.0 = Debug|Any CPU
		{5F1E0694-871C-4673-803D-A57136F513CD}.Debug|x64.ActiveCfg = Debug|Any CPU
		{5F1E0694-871C-4673-803D-A57136F513CD}.Debug|x64.Build.0 = Debug|Any CPU
		{5F1E0694-871C-4673-803D-A57136F513CD}.Debug|x86.ActiveCfg = Debug|Any CPU
		{5F1E0694-871C-4673-803D-A57136F513CD}.Debug|x86.Build.0 = Debug|Any CPU
		{5F1E0694-871C-4673-803D-A57136F513CD}.Release|Any CPU.ActiveCfg = Release|Any CPU
		{5F1E0694-871C-4673-803D-A57136F513CD}.Release|Any CPU.Build.0 = Release|Any CPU
		{5F1E0694-871C-4673-803D-A57136F513CD}.Release|x64.ActiveCfg = Release|Any CPU
		{5F1E0694-871C-4673-803D-A57136F513CD}.Release|x64.Build.0 = Release|Any CPU
		{5F1E0694-871C-4673-803D-A57136F513CD}.Release|x86.ActiveCfg = Release|Any CPU
		{5F1E0694-871C-4673-803D-A57136F513CD}.Release|x86.Build.0 = Release|Any CPU
	EndGlobalSection
EndGlobal
